{
  "version": "1.0.0",
  "lockfileVersion": 1,
  "generatedAt": "1772234882",
  "packages": {
    "npm:@stacksjs/bun-queue@^0.0.1": {
      "name": "npm:@stacksjs/bun-queue",
      "version": "^0.0.1",
      "source": "pkgx"
    },
    "bun-plugin-stx@^0.2.5": {
      "name": "bun-plugin-stx",
      "version": "^0.2.5",
      "source": "pkgx"
    },
    "npm:@stacksjs/stx@^0.2.5": {
      "name": "npm:@stacksjs/stx",
      "version": "^0.2.5",
      "source": "pkgx"
    },
    "npm:@cwcss/crosswind@^0.1.6": {
      "name": "npm:@cwcss/crosswind",
      "version": "^0.1.6",
      "source": "pkgx"
    }
  }
}
